
Microsoft Visual Studio Solution File, Format Version 12.00
# Visual Studio Version 16
VisualStudioVersion = 16.0.30907.101
MinimumVisualStudioVersion = 10.0.40219.1
Project("{FAE04EC0-301F-11D3-BF4B-00C04F79EFBC}") = "T28-API_JWT_Ex2", "T28-API_JWT_Ex2\T28-API_JWT_Ex2.csproj", "{7D6CE667-9878-4B6C-814A-F3E772293C9A}"
EndProject
Global
	GlobalSection(SolutionConfigurationPlatforms) = preSolution
		Debug|Any CPU = Debug|Any CPU
		Release|Any CPU = Release|Any CPU
	EndGlobalSection
	GlobalSection(ProjectConfigurationPlatforms) = postSolution
		{7D6CE667-9878-4B6C-814A-F3E772293C9A}.Debug|Any CPU.ActiveCfg = Debug|Any CPU
		{7D6CE667-9878-4B6C-814A-F3E772293C9A}.Debug|Any CPU.Build.0 = Debug|Any CPU
		{7D6CE667-9878-4B6C-814A-F3E772293C9A}.Release|Any CPU.ActiveCfg = Release|Any CPU
		{7D6CE667-9878-4B6C-814A-F3E772293C9A}.Release|Any CPU.Build.0 = Release|Any CPU
	EndGlobalSection
	GlobalSection(SolutionProperties) = preSolution
		HideSolutionNode = FALSE
	EndGlobalSection
	GlobalSection(ExtensibilityGlobals) = postSolution
		SolutionGuid = {EB74826A-42E8-4D63-8AB9-90D65F022C30}
	EndGlobalSection
EndGlobal
